// !$*UTF8*$!
{
	archiveVersion = 1;
	classes = {
	};
	objectVersion = 56;
	objects = {

/* Begin PBXBuildFile section */
		3A1359DC2BDD51A900A1C60B /* TrackersViewController.swift in Sources */ = {isa = PBXBuildFile; fileRef = 3A1359DB2BDD51A900A1C60B /* TrackersViewController.swift */; };
		3A6ED4392BEAAFC3000BE591 /* TrackersViewControllerProtocol.swift in Sources */ = {isa = PBXBuildFile; fileRef = 3A6ED4382BEAAFC3000BE591 /* TrackersViewControllerProtocol.swift */; };
		3A6ED43B2BEAAFFE000BE591 /* Models.swift in Sources */ = {isa = PBXBuildFile; fileRef = 3A6ED43A2BEAAFFE000BE591 /* Models.swift */; };
		3A6ED43D2BEAB246000BE591 /* TabBarController.swift in Sources */ = {isa = PBXBuildFile; fileRef = 3A6ED43C2BEAB246000BE591 /* TabBarController.swift */; };
		3A6ED4422BEAB334000BE591 /* CollectionHeaderSupplementaryView.swift in Sources */ = {isa = PBXBuildFile; fileRef = 3A6ED4412BEAB334000BE591 /* CollectionHeaderSupplementaryView.swift */; };
		3A6ED4462BEAB428000BE591 /* EmojiCell.swift in Sources */ = {isa = PBXBuildFile; fileRef = 3A6ED4452BEAB428000BE591 /* EmojiCell.swift */; };
		3A6ED4482BEAB450000BE591 /* ColorCell.swift in Sources */ = {isa = PBXBuildFile; fileRef = 3A6ED4472BEAB450000BE591 /* ColorCell.swift */; };
		3A6ED44A2BEAB4D5000BE591 /* ScheduleCell.swift in Sources */ = {isa = PBXBuildFile; fileRef = 3A6ED4492BEAB4D5000BE591 /* ScheduleCell.swift */; };
		3A6ED44C2BEAB538000BE591 /* IrregularCategoryCell.swift in Sources */ = {isa = PBXBuildFile; fileRef = 3A6ED44B2BEAB538000BE591 /* IrregularCategoryCell.swift */; };
		3A6ED44E2BEAB559000BE591 /* HabitCategoryCell.swift in Sources */ = {isa = PBXBuildFile; fileRef = 3A6ED44D2BEAB559000BE591 /* HabitCategoryCell.swift */; };
		3A6ED4502BEAB582000BE591 /* CategoryCell.swift in Sources */ = {isa = PBXBuildFile; fileRef = 3A6ED44F2BEAB582000BE591 /* CategoryCell.swift */; };
		3A6ED4532BEAB614000BE591 /* TypeViewController.swift in Sources */ = {isa = PBXBuildFile; fileRef = 3A6ED4522BEAB614000BE591 /* TypeViewController.swift */; };
		3A6ED4552BEAB63F000BE591 /* CategorySelectionViewController.swift in Sources */ = {isa = PBXBuildFile; fileRef = 3A6ED4542BEAB63F000BE591 /* CategorySelectionViewController.swift */; };
		3A6ED4572BEAB68C000BE591 /* ScheduleSelectionViewController.swift in Sources */ = {isa = PBXBuildFile; fileRef = 3A6ED4562BEAB68C000BE591 /* ScheduleSelectionViewController.swift */; };
		3A6ED4592BEAB6A9000BE591 /* NewHabitViewController.swift in Sources */ = {isa = PBXBuildFile; fileRef = 3A6ED4582BEAB6A9000BE591 /* NewHabitViewController.swift */; };
		3A6ED45B2BEAB6CE000BE591 /* NewIrregularEventViewController.swift in Sources */ = {isa = PBXBuildFile; fileRef = 3A6ED45A2BEAB6CE000BE591 /* NewIrregularEventViewController.swift */; };
		3A98F8372BE8D5FA00A5EEEB /* TrackerCell.swift in Sources */ = {isa = PBXBuildFile; fileRef = 3A98F8362BE8D5FA00A5EEEB /* TrackerCell.swift */; };
		3ABA104C2BCE907F00067030 /* AppDelegate.swift in Sources */ = {isa = PBXBuildFile; fileRef = 3ABA104B2BCE907F00067030 /* AppDelegate.swift */; };
		3ABA104E2BCE907F00067030 /* SceneDelegate.swift in Sources */ = {isa = PBXBuildFile; fileRef = 3ABA104D2BCE907F00067030 /* SceneDelegate.swift */; };
		3ABA10502BCE907F00067030 /* StatisticsViewController.swift in Sources */ = {isa = PBXBuildFile; fileRef = 3ABA104F2BCE907F00067030 /* StatisticsViewController.swift */; };
		3ABA10562BCE907F00067030 /* Tracker.xcdatamodeld in Sources */ = {isa = PBXBuildFile; fileRef = 3ABA10542BCE907F00067030 /* Tracker.xcdatamodeld */; };
		3ABA10582BCE908000067030 /* Assets.xcassets in Resources */ = {isa = PBXBuildFile; fileRef = 3ABA10572BCE908000067030 /* Assets.xcassets */; };
		3ABA105B2BCE908000067030 /* Base in Resources */ = {isa = PBXBuildFile; fileRef = 3ABA105A2BCE908000067030 /* Base */; };
		3ABA10662BCE908000067030 /* TrackerTests.swift in Sources */ = {isa = PBXBuildFile; fileRef = 3ABA10652BCE908000067030 /* TrackerTests.swift */; };
		3ABA10702BCE908000067030 /* TrackerUITests.swift in Sources */ = {isa = PBXBuildFile; fileRef = 3ABA106F2BCE908000067030 /* TrackerUITests.swift */; };
		3ABA10722BCE908000067030 /* TrackerUITestsLaunchTests.swift in Sources */ = {isa = PBXBuildFile; fileRef = 3ABA10712BCE908000067030 /* TrackerUITestsLaunchTests.swift */; };
/* End PBXBuildFile section */

/* Begin PBXContainerItemProxy section */
		3ABA10622BCE908000067030 /* PBXContainerItemProxy */ = {
			isa = PBXContainerItemProxy;
			containerPortal = 3ABA10402BCE907F00067030 /* Project object */;
			proxyType = 1;
			remoteGlobalIDString = 3ABA10472BCE907F00067030;
			remoteInfo = Tracker;
		};
		3ABA106C2BCE908000067030 /* PBXContainerItemProxy */ = {
			isa = PBXContainerItemProxy;
			containerPortal = 3ABA10402BCE907F00067030 /* Project object */;
			proxyType = 1;
			remoteGlobalIDString = 3ABA10472BCE907F00067030;
			remoteInfo = Tracker;
		};
/* End PBXContainerItemProxy section */

/* Begin PBXFileReference section */
		3A1359DB2BDD51A900A1C60B /* TrackersViewController.swift */ = {isa = PBXFileReference; lastKnownFileType = sourcecode.swift; path = TrackersViewController.swift; sourceTree = "<group>"; };
		3A6ED4382BEAAFC3000BE591 /* TrackersViewControllerProtocol.swift */ = {isa = PBXFileReference; lastKnownFileType = sourcecode.swift; path = TrackersViewControllerProtocol.swift; sourceTree = "<group>"; };
		3A6ED43A2BEAAFFE000BE591 /* Models.swift */ = {isa = PBXFileReference; lastKnownFileType = sourcecode.swift; path = Models.swift; sourceTree = "<group>"; };
		3A6ED43C2BEAB246000BE591 /* TabBarController.swift */ = {isa = PBXFileReference; lastKnownFileType = sourcecode.swift; path = TabBarController.swift; sourceTree = "<group>"; };
		3A6ED4412BEAB334000BE591 /* CollectionHeaderSupplementaryView.swift */ = {isa = PBXFileReference; lastKnownFileType = sourcecode.swift; path = CollectionHeaderSupplementaryView.swift; sourceTree = "<group>"; };
		3A6ED4452BEAB428000BE591 /* EmojiCell.swift */ = {isa = PBXFileReference; lastKnownFileType = sourcecode.swift; path = EmojiCell.swift; sourceTree = "<group>"; };
		3A6ED4472BEAB450000BE591 /* ColorCell.swift */ = {isa = PBXFileReference; lastKnownFileType = sourcecode.swift; path = ColorCell.swift; sourceTree = "<group>"; };
		3A6ED4492BEAB4D5000BE591 /* ScheduleCell.swift */ = {isa = PBXFileReference; lastKnownFileType = sourcecode.swift; path = ScheduleCell.swift; sourceTree = "<group>"; };
		3A6ED44B2BEAB538000BE591 /* IrregularCategoryCell.swift */ = {isa = PBXFileReference; lastKnownFileType = sourcecode.swift; path = IrregularCategoryCell.swift; sourceTree = "<group>"; };
		3A6ED44D2BEAB559000BE591 /* HabitCategoryCell.swift */ = {isa = PBXFileReference; lastKnownFileType = sourcecode.swift; path = HabitCategoryCell.swift; sourceTree = "<group>"; };
		3A6ED44F2BEAB582000BE591 /* CategoryCell.swift */ = {isa = PBXFileReference; lastKnownFileType = sourcecode.swift; path = CategoryCell.swift; sourceTree = "<group>"; };
		3A6ED4522BEAB614000BE591 /* TypeViewController.swift */ = {isa = PBXFileReference; lastKnownFileType = sourcecode.swift; path = TypeViewController.swift; sourceTree = "<group>"; };
		3A6ED4542BEAB63F000BE591 /* CategorySelectionViewController.swift */ = {isa = PBXFileReference; lastKnownFileType = sourcecode.swift; path = CategorySelectionViewController.swift; sourceTree = "<group>"; };
		3A6ED4562BEAB68C000BE591 /* ScheduleSelectionViewController.swift */ = {isa = PBXFileReference; lastKnownFileType = sourcecode.swift; path = ScheduleSelectionViewController.swift; sourceTree = "<group>"; };
		3A6ED4582BEAB6A9000BE591 /* NewHabitViewController.swift */ = {isa = PBXFileReference; lastKnownFileType = sourcecode.swift; path = NewHabitViewController.swift; sourceTree = "<group>"; };
		3A6ED45A2BEAB6CE000BE591 /* NewIrregularEventViewController.swift */ = {isa = PBXFileReference; lastKnownFileType = sourcecode.swift; path = NewIrregularEventViewController.swift; sourceTree = "<group>"; };
		3A98F8362BE8D5FA00A5EEEB /* TrackerCell.swift */ = {isa = PBXFileReference; lastKnownFileType = sourcecode.swift; path = TrackerCell.swift; sourceTree = "<group>"; };
		3ABA10482BCE907F00067030 /* Tracker.app */ = {isa = PBXFileReference; explicitFileType = wrapper.application; includeInIndex = 0; path = Tracker.app; sourceTree = BUILT_PRODUCTS_DIR; };
		3ABA104B2BCE907F00067030 /* AppDelegate.swift */ = {isa = PBXFileReference; lastKnownFileType = sourcecode.swift; path = AppDelegate.swift; sourceTree = "<group>"; };
		3ABA104D2BCE907F00067030 /* SceneDelegate.swift */ = {isa = PBXFileReference; lastKnownFileType = sourcecode.swift; path = SceneDelegate.swift; sourceTree = "<group>"; };
		3ABA104F2BCE907F00067030 /* StatisticsViewController.swift */ = {isa = PBXFileReference; lastKnownFileType = sourcecode.swift; path = StatisticsViewController.swift; sourceTree = "<group>"; };
		3ABA10552BCE907F00067030 /* Tracker.xcdatamodel */ = {isa = PBXFileReference; lastKnownFileType = wrapper.xcdatamodel; path = Tracker.xcdatamodel; sourceTree = "<group>"; };
		3ABA10572BCE908000067030 /* Assets.xcassets */ = {isa = PBXFileReference; lastKnownFileType = folder.assetcatalog; path = Assets.xcassets; sourceTree = "<group>"; };
		3ABA105A2BCE908000067030 /* Base */ = {isa = PBXFileReference; lastKnownFileType = file.storyboard; name = Base; path = Base.lproj/LaunchScreen.storyboard; sourceTree = "<group>"; };
		3ABA105C2BCE908000067030 /* Info.plist */ = {isa = PBXFileReference; lastKnownFileType = text.plist.xml; path = Info.plist; sourceTree = "<group>"; };
		3ABA10612BCE908000067030 /* TrackerTests.xctest */ = {isa = PBXFileReference; explicitFileType = wrapper.cfbundle; includeInIndex = 0; path = TrackerTests.xctest; sourceTree = BUILT_PRODUCTS_DIR; };
		3ABA10652BCE908000067030 /* TrackerTests.swift */ = {isa = PBXFileReference; lastKnownFileType = sourcecode.swift; path = TrackerTests.swift; sourceTree = "<group>"; };
		3ABA106B2BCE908000067030 /* TrackerUITests.xctest */ = {isa = PBXFileReference; explicitFileType = wrapper.cfbundle; includeInIndex = 0; path = TrackerUITests.xctest; sourceTree = BUILT_PRODUCTS_DIR; };
		3ABA106F2BCE908000067030 /* TrackerUITests.swift */ = {isa = PBXFileReference; lastKnownFileType = sourcecode.swift; path = TrackerUITests.swift; sourceTree = "<group>"; };
		3ABA10712BCE908000067030 /* TrackerUITestsLaunchTests.swift */ = {isa = PBXFileReference; lastKnownFileType = sourcecode.swift; path = TrackerUITestsLaunchTests.swift; sourceTree = "<group>"; };
/* End PBXFileReference section */

/* Begin PBXFrameworksBuildPhase section */
		3ABA10452BCE907F00067030 /* Frameworks */ = {
			isa = PBXFrameworksBuildPhase;
			buildActionMask = 2147483647;
			files = (
			);
			runOnlyForDeploymentPostprocessing = 0;
		};
		3ABA105E2BCE908000067030 /* Frameworks */ = {
			isa = PBXFrameworksBuildPhase;
			buildActionMask = 2147483647;
			files = (
			);
			runOnlyForDeploymentPostprocessing = 0;
		};
		3ABA10682BCE908000067030 /* Frameworks */ = {
			isa = PBXFrameworksBuildPhase;
			buildActionMask = 2147483647;
			files = (
			);
			runOnlyForDeploymentPostprocessing = 0;
		};
/* End PBXFrameworksBuildPhase section */

/* Begin PBXGroup section */
		3A6ED4362BEAAF2F000BE591 /* Models */ = {
			isa = PBXGroup;
			children = (
				3A6ED43A2BEAAFFE000BE591 /* Models.swift */,
			);
			name = Models;
			sourceTree = "<group>";
		};
		3A6ED4372BEAAF92000BE591 /* Protocol */ = {
			isa = PBXGroup;
			children = (
				3A6ED4382BEAAFC3000BE591 /* TrackersViewControllerProtocol.swift */,
			);
			name = Protocol;
			sourceTree = "<group>";
		};
		3A6ED43F2BEAB29E000BE591 /* TabBar */ = {
			isa = PBXGroup;
			children = (
				3A6ED43C2BEAB246000BE591 /* TabBarController.swift */,
				3A1359DB2BDD51A900A1C60B /* TrackersViewController.swift */,
			);
			name = TabBar;
			sourceTree = "<group>";
		};
		3A6ED4402BEAB31D000BE591 /* View */ = {
			isa = PBXGroup;
			children = (
				3A6ED4412BEAB334000BE591 /* CollectionHeaderSupplementaryView.swift */,
			);
			name = View;
			sourceTree = "<group>";
		};
		3A6ED4432BEAB35D000BE591 /* Statistics */ = {
			isa = PBXGroup;
			children = (
				3ABA104F2BCE907F00067030 /* StatisticsViewController.swift */,
			);
			name = Statistics;
			sourceTree = "<group>";
		};
		3A6ED4442BEAB3AD000BE591 /* Cells */ = {
			isa = PBXGroup;
			children = (
				3A6ED4452BEAB428000BE591 /* EmojiCell.swift */,
				3A6ED4472BEAB450000BE591 /* ColorCell.swift */,
				3A6ED4492BEAB4D5000BE591 /* ScheduleCell.swift */,
				3A98F8362BE8D5FA00A5EEEB /* TrackerCell.swift */,
				3A6ED44B2BEAB538000BE591 /* IrregularCategoryCell.swift */,
				3A6ED44D2BEAB559000BE591 /* HabitCategoryCell.swift */,
				3A6ED44F2BEAB582000BE591 /* CategoryCell.swift */,
			);
			name = Cells;
			sourceTree = "<group>";
		};
		3A6ED4512BEAB5C1000BE591 /* Create */ = {
			isa = PBXGroup;
			children = (
				3A6ED4522BEAB614000BE591 /* TypeViewController.swift */,
				3A6ED4542BEAB63F000BE591 /* CategorySelectionViewController.swift */,
				3A6ED4562BEAB68C000BE591 /* ScheduleSelectionViewController.swift */,
				3A6ED4582BEAB6A9000BE591 /* NewHabitViewController.swift */,
				3A6ED45A2BEAB6CE000BE591 /* NewIrregularEventViewController.swift */,
			);
			name = Create;
			sourceTree = "<group>";
		};
		3A6ED45C2BEAB745000BE591 /* Helpers */ = {
			isa = PBXGroup;
			children = (
				3ABA104B2BCE907F00067030 /* AppDelegate.swift */,
				3ABA104D2BCE907F00067030 /* SceneDelegate.swift */,
			);
			name = Helpers;
			sourceTree = "<group>";
		};
		3ABA103F2BCE907F00067030 = {
			isa = PBXGroup;
			children = (
				3ABA104A2BCE907F00067030 /* Tracker */,
				3ABA10642BCE908000067030 /* TrackerTests */,
				3ABA106E2BCE908000067030 /* TrackerUITests */,
				3ABA10492BCE907F00067030 /* Products */,
			);
			sourceTree = "<group>";
		};
		3ABA10492BCE907F00067030 /* Products */ = {
			isa = PBXGroup;
			children = (
				3ABA10482BCE907F00067030 /* Tracker.app */,
				3ABA10612BCE908000067030 /* TrackerTests.xctest */,
				3ABA106B2BCE908000067030 /* TrackerUITests.xctest */,
			);
			name = Products;
			sourceTree = "<group>";
		};
		3ABA104A2BCE907F00067030 /* Tracker */ = {
			isa = PBXGroup;
			children = (
				3A6ED4372BEAAF92000BE591 /* Protocol */,
				3A6ED4362BEAAF2F000BE591 /* Models */,
				3A6ED43F2BEAB29E000BE591 /* TabBar */,
				3A6ED4402BEAB31D000BE591 /* View */,
				3A6ED4432BEAB35D000BE591 /* Statistics */,
				3A6ED4442BEAB3AD000BE591 /* Cells */,
				3A6ED4512BEAB5C1000BE591 /* Create */,
				3A6ED45C2BEAB745000BE591 /* Helpers */,
				3ABA10572BCE908000067030 /* Assets.xcassets */,
				3ABA10592BCE908000067030 /* LaunchScreen.storyboard */,
				3ABA105C2BCE908000067030 /* Info.plist */,
				3ABA10542BCE907F00067030 /* Tracker.xcdatamodeld */,
			);
			path = Tracker;
			sourceTree = "<group>";
		};
		3ABA10642BCE908000067030 /* TrackerTests */ = {
			isa = PBXGroup;
			children = (
				3ABA10652BCE908000067030 /* TrackerTests.swift */,
			);
			path = TrackerTests;
			sourceTree = "<group>";
		};
		3ABA106E2BCE908000067030 /* TrackerUITests */ = {
			isa = PBXGroup;
			children = (
				3ABA106F2BCE908000067030 /* TrackerUITests.swift */,
				3ABA10712BCE908000067030 /* TrackerUITestsLaunchTests.swift */,
			);
			path = TrackerUITests;
			sourceTree = "<group>";
		};
/* End PBXGroup section */

/* Begin PBXNativeTarget section */
		3ABA10472BCE907F00067030 /* Tracker */ = {
			isa = PBXNativeTarget;
			buildConfigurationList = 3ABA10752BCE908000067030 /* Build configuration list for PBXNativeTarget "Tracker" */;
			buildPhases = (
				3ABA10442BCE907F00067030 /* Sources */,
				3ABA10452BCE907F00067030 /* Frameworks */,
				3ABA10462BCE907F00067030 /* Resources */,
			);
			buildRules = (
			);
			dependencies = (
			);
			name = Tracker;
			productName = Tracker;
			productReference = 3ABA10482BCE907F00067030 /* Tracker.app */;
			productType = "com.apple.product-type.application";
		};
		3ABA10602BCE908000067030 /* TrackerTests */ = {
			isa = PBXNativeTarget;
			buildConfigurationList = 3ABA10782BCE908000067030 /* Build configuration list for PBXNativeTarget "TrackerTests" */;
			buildPhases = (
				3ABA105D2BCE908000067030 /* Sources */,
				3ABA105E2BCE908000067030 /* Frameworks */,
				3ABA105F2BCE908000067030 /* Resources */,
			);
			buildRules = (
			);
			dependencies = (
				3ABA10632BCE908000067030 /* PBXTargetDependency */,
			);
			name = TrackerTests;
			productName = TrackerTests;
			productReference = 3ABA10612BCE908000067030 /* TrackerTests.xctest */;
			productType = "com.apple.product-type.bundle.unit-test";
		};
		3ABA106A2BCE908000067030 /* TrackerUITests */ = {
			isa = PBXNativeTarget;
			buildConfigurationList = 3ABA107B2BCE908000067030 /* Build configuration list for PBXNativeTarget "TrackerUITests" */;
			buildPhases = (
				3ABA10672BCE908000067030 /* Sources */,
				3ABA10682BCE908000067030 /* Frameworks */,
				3ABA10692BCE908000067030 /* Resources */,
			);
			buildRules = (
			);
			dependencies = (
				3ABA106D2BCE908000067030 /* PBXTargetDependency */,
			);
			name = TrackerUITests;
			productName = TrackerUITests;
			productReference = 3ABA106B2BCE908000067030 /* TrackerUITests.xctest */;
			productType = "com.apple.product-type.bundle.ui-testing";
		};
/* End PBXNativeTarget section */

/* Begin PBXProject section */
		3ABA10402BCE907F00067030 /* Project object */ = {
			isa = PBXProject;
			attributes = {
				BuildIndependentTargetsInParallel = 1;
				LastSwiftUpdateCheck = 1530;
				LastUpgradeCheck = 1530;
				TargetAttributes = {
					3ABA10472BCE907F00067030 = {
						CreatedOnToolsVersion = 15.3;
					};
					3ABA10602BCE908000067030 = {
						CreatedOnToolsVersion = 15.3;
						TestTargetID = 3ABA10472BCE907F00067030;
					};
					3ABA106A2BCE908000067030 = {
						CreatedOnToolsVersion = 15.3;
						TestTargetID = 3ABA10472BCE907F00067030;
					};
				};
			};
			buildConfigurationList = 3ABA10432BCE907F00067030 /* Build configuration list for PBXProject "Tracker" */;
			compatibilityVersion = "Xcode 14.0";
			developmentRegion = en;
			hasScannedForEncodings = 0;
			knownRegions = (
				en,
				Base,
			);
			mainGroup = 3ABA103F2BCE907F00067030;
			productRefGroup = 3ABA10492BCE907F00067030 /* Products */;
			projectDirPath = "";
			projectRoot = "";
			targets = (
				3ABA10472BCE907F00067030 /* Tracker */,
				3ABA10602BCE908000067030 /* TrackerTests */,
				3ABA106A2BCE908000067030 /* TrackerUITests */,
			);
		};
/* End PBXProject section */

/* Begin PBXResourcesBuildPhase section */
		3ABA10462BCE907F00067030 /* Resources */ = {
			isa = PBXResourcesBuildPhase;
			buildActionMask = 2147483647;
			files = (
				3ABA10582BCE908000067030 /* Assets.xcassets in Resources */,
				3ABA105B2BCE908000067030 /* Base in Resources */,
			);
			runOnlyForDeploymentPostprocessing = 0;
		};
		3ABA105F2BCE908000067030 /* Resources */ = {
			isa = PBXResourcesBuildPhase;
			buildActionMask = 2147483647;
			files = (
			);
			runOnlyForDeploymentPostprocessing = 0;
		};
		3ABA10692BCE908000067030 /* Resources */ = {
			isa = PBXResourcesBuildPhase;
			buildActionMask = 2147483647;
			files = (
			);
			runOnlyForDeploymentPostprocessing = 0;
		};
/* End PBXResourcesBuildPhase section */

/* Begin PBXSourcesBuildPhase section */
		3ABA10442BCE907F00067030 /* Sources */ = {
			isa = PBXSourcesBuildPhase;
			buildActionMask = 2147483647;
			files = (
				3A6ED4552BEAB63F000BE591 /* CategorySelectionViewController.swift in Sources */,
				3A98F8372BE8D5FA00A5EEEB /* TrackerCell.swift in Sources */,
				3A6ED4422BEAB334000BE591 /* CollectionHeaderSupplementaryView.swift in Sources */,
				3A6ED43B2BEAAFFE000BE591 /* Models.swift in Sources */,
				3A6ED44E2BEAB559000BE591 /* HabitCategoryCell.swift in Sources */,
				3A6ED44C2BEAB538000BE591 /* IrregularCategoryCell.swift in Sources */,
				3A6ED44A2BEAB4D5000BE591 /* ScheduleCell.swift in Sources */,
				3ABA10562BCE907F00067030 /* Tracker.xcdatamodeld in Sources */,
				3A6ED4392BEAAFC3000BE591 /* TrackersViewControllerProtocol.swift in Sources */,
				3A6ED4572BEAB68C000BE591 /* ScheduleSelectionViewController.swift in Sources */,
				3ABA10502BCE907F00067030 /* StatisticsViewController.swift in Sources */,
				3ABA104C2BCE907F00067030 /* AppDelegate.swift in Sources */,
				3A6ED4482BEAB450000BE591 /* ColorCell.swift in Sources */,
				3A6ED4532BEAB614000BE591 /* TypeViewController.swift in Sources */,
				3ABA104E2BCE907F00067030 /* SceneDelegate.swift in Sources */,
				3A6ED4592BEAB6A9000BE591 /* NewHabitViewController.swift in Sources */,
				3A6ED4502BEAB582000BE591 /* CategoryCell.swift in Sources */,
				3A6ED45B2BEAB6CE000BE591 /* NewIrregularEventViewController.swift in Sources */,
				3A1359DC2BDD51A900A1C60B /* TrackersViewController.swift in Sources */,
				3A6ED4462BEAB428000BE591 /* EmojiCell.swift in Sources */,
				3A6ED43D2BEAB246000BE591 /* TabBarController.swift in Sources */,
			);
			runOnlyForDeploymentPostprocessing = 0;
		};
		3ABA105D2BCE908000067030 /* Sources */ = {
			isa = PBXSourcesBuildPhase;
			buildActionMask = 2147483647;
			files = (
				3ABA10662BCE908000067030 /* TrackerTests.swift in Sources */,
			);
			runOnlyForDeploymentPostprocessing = 0;
		};
		3ABA10672BCE908000067030 /* Sources */ = {
			isa = PBXSourcesBuildPhase;
			buildActionMask = 2147483647;
			files = (
				3ABA10702BCE908000067030 /* TrackerUITests.swift in Sources */,
				3ABA10722BCE908000067030 /* TrackerUITestsLaunchTests.swift in Sources */,
			);
			runOnlyForDeploymentPostprocessing = 0;
		};
/* End PBXSourcesBuildPhase section */

/* Begin PBXTargetDependency section */
		3ABA10632BCE908000067030 /* PBXTargetDependency */ = {
			isa = PBXTargetDependency;
			target = 3ABA10472BCE907F00067030 /* Tracker */;
			targetProxy = 3ABA10622BCE908000067030 /* PBXContainerItemProxy */;
		};
		3ABA106D2BCE908000067030 /* PBXTargetDependency */ = {
			isa = PBXTargetDependency;
			target = 3ABA10472BCE907F00067030 /* Tracker */;
			targetProxy = 3ABA106C2BCE908000067030 /* PBXContainerItemProxy */;
		};
/* End PBXTargetDependency section */

/* Begin PBXVariantGroup section */
		3ABA10592BCE908000067030 /* LaunchScreen.storyboard */ = {
			isa = PBXVariantGroup;
			children = (
				3ABA105A2BCE908000067030 /* Base */,
			);
			name = LaunchScreen.storyboard;
			sourceTree = "<group>";
		};
/* End PBXVariantGroup section */

/* Begin XCBuildConfiguration section */
		3ABA10732BCE908000067030 /* Debug */ = {
			isa = XCBuildConfiguration;
			buildSettings = {
				ALWAYS_SEARCH_USER_PATHS = NO;
				ASSETCATALOG_COMPILER_GENERATE_SWIFT_ASSET_SYMBOL_EXTENSIONS = YES;
				CLANG_ANALYZER_NONNULL = YES;
				CLANG_ANALYZER_NUMBER_OBJECT_CONVERSION = YES_AGGRESSIVE;
				CLANG_CXX_LANGUAGE_STANDARD = "gnu++20";
				CLANG_ENABLE_MODULES = YES;
				CLANG_ENABLE_OBJC_ARC = YES;
				CLANG_ENABLE_OBJC_WEAK = YES;
				CLANG_WARN_BLOCK_CAPTURE_AUTORELEASING = YES;
				CLANG_WARN_BOOL_CONVERSION = YES;
				CLANG_WARN_COMMA = YES;
				CLANG_WARN_CONSTANT_CONVERSION = YES;
				CLANG_WARN_DEPRECATED_OBJC_IMPLEMENTATIONS = YES;
				CLANG_WARN_DIRECT_OBJC_ISA_USAGE = YES_ERROR;
				CLANG_WARN_DOCUMENTATION_COMMENTS = YES;
				CLANG_WARN_EMPTY_BODY = YES;
				CLANG_WARN_ENUM_CONVERSION = YES;
				CLANG_WARN_INFINITE_RECURSION = YES;
				CLANG_WARN_INT_CONVERSION = YES;
				CLANG_WARN_NON_LITERAL_NULL_CONVERSION = YES;
				CLANG_WARN_OBJC_IMPLICIT_RETAIN_SELF = YES;
				CLANG_WARN_OBJC_LITERAL_CONVERSION = YES;
				CLANG_WARN_OBJC_ROOT_CLASS = YES_ERROR;
				CLANG_WARN_QUOTED_INCLUDE_IN_FRAMEWORK_HEADER = YES;
				CLANG_WARN_RANGE_LOOP_ANALYSIS = YES;
				CLANG_WARN_STRICT_PROTOTYPES = YES;
				CLANG_WARN_SUSPICIOUS_MOVE = YES;
				CLANG_WARN_UNGUARDED_AVAILABILITY = YES_AGGRESSIVE;
				CLANG_WARN_UNREACHABLE_CODE = YES;
				CLANG_WARN__DUPLICATE_METHOD_MATCH = YES;
				COPY_PHASE_STRIP = NO;
				DEBUG_INFORMATION_FORMAT = dwarf;
				ENABLE_STRICT_OBJC_MSGSEND = YES;
				ENABLE_TESTABILITY = YES;
				ENABLE_USER_SCRIPT_SANDBOXING = YES;
				GCC_C_LANGUAGE_STANDARD = gnu17;
				GCC_DYNAMIC_NO_PIC = NO;
				GCC_NO_COMMON_BLOCKS = YES;
				GCC_OPTIMIZATION_LEVEL = 0;
				GCC_PREPROCESSOR_DEFINITIONS = (
					"DEBUG=1",
					"$(inherited)",
				);
				GCC_WARN_64_TO_32_BIT_CONVERSION = YES;
				GCC_WARN_ABOUT_RETURN_TYPE = YES_ERROR;
				GCC_WARN_UNDECLARED_SELECTOR = YES;
				GCC_WARN_UNINITIALIZED_AUTOS = YES_AGGRESSIVE;
				GCC_WARN_UNUSED_FUNCTION = YES;
				GCC_WARN_UNUSED_VARIABLE = YES;
				IPHONEOS_DEPLOYMENT_TARGET = 17.4;
				LOCALIZATION_PREFERS_STRING_CATALOGS = YES;
				MTL_ENABLE_DEBUG_INFO = INCLUDE_SOURCE;
				MTL_FAST_MATH = YES;
				ONLY_ACTIVE_ARCH = YES;
				SDKROOT = iphoneos;
				SWIFT_ACTIVE_COMPILATION_CONDITIONS = "DEBUG $(inherited)";
				SWIFT_OPTIMIZATION_LEVEL = "-Onone";
			};
			name = Debug;
		};
		3ABA10742BCE908000067030 /* Release */ = {
			isa = XCBuildConfiguration;
			buildSettings = {
				ALWAYS_SEARCH_USER_PATHS = NO;
				ASSETCATALOG_COMPILER_GENERATE_SWIFT_ASSET_SYMBOL_EXTENSIONS = YES;
				CLANG_ANALYZER_NONNULL = YES;
				CLANG_ANALYZER_NUMBER_OBJECT_CONVERSION = YES_AGGRESSIVE;
				CLANG_CXX_LANGUAGE_STANDARD = "gnu++20";
				CLANG_ENABLE_MODULES = YES;
				CLANG_ENABLE_OBJC_ARC = YES;
				CLANG_ENABLE_OBJC_WEAK = YES;
				CLANG_WARN_BLOCK_CAPTURE_AUTORELEASING = YES;
				CLANG_WARN_BOOL_CONVERSION = YES;
				CLANG_WARN_COMMA = YES;
				CLANG_WARN_CONSTANT_CONVERSION = YES;
				CLANG_WARN_DEPRECATED_OBJC_IMPLEMENTATIONS = YES;
				CLANG_WARN_DIRECT_OBJC_ISA_USAGE = YES_ERROR;
				CLANG_WARN_DOCUMENTATION_COMMENTS = YES;
				CLANG_WARN_EMPTY_BODY = YES;
				CLANG_WARN_ENUM_CONVERSION = YES;
				CLANG_WARN_INFINITE_RECURSION = YES;
				CLANG_WARN_INT_CONVERSION = YES;
				CLANG_WARN_NON_LITERAL_NULL_CONVERSION = YES;
				CLANG_WARN_OBJC_IMPLICIT_RETAIN_SELF = YES;
				CLANG_WARN_OBJC_LITERAL_CONVERSION = YES;
				CLANG_WARN_OBJC_ROOT_CLASS = YES_ERROR;
				CLANG_WARN_QUOTED_INCLUDE_IN_FRAMEWORK_HEADER = YES;
				CLANG_WARN_RANGE_LOOP_ANALYSIS = YES;
				CLANG_WARN_STRICT_PROTOTYPES = YES;
				CLANG_WARN_SUSPICIOUS_MOVE = YES;
				CLANG_WARN_UNGUARDED_AVAILABILITY = YES_AGGRESSIVE;
				CLANG_WARN_UNREACHABLE_CODE = YES;
				CLANG_WARN__DUPLICATE_METHOD_MATCH = YES;
				COPY_PHASE_STRIP = NO;
				DEBUG_INFORMATION_FORMAT = "dwarf-with-dsym";
				ENABLE_NS_ASSERTIONS = NO;
				ENABLE_STRICT_OBJC_MSGSEND = YES;
				ENABLE_USER_SCRIPT_SANDBOXING = YES;
				GCC_C_LANGUAGE_STANDARD = gnu17;
				GCC_NO_COMMON_BLOCKS = YES;
				GCC_WARN_64_TO_32_BIT_CONVERSION = YES;
				GCC_WARN_ABOUT_RETURN_TYPE = YES_ERROR;
				GCC_WARN_UNDECLARED_SELECTOR = YES;
				GCC_WARN_UNINITIALIZED_AUTOS = YES_AGGRESSIVE;
				GCC_WARN_UNUSED_FUNCTION = YES;
				GCC_WARN_UNUSED_VARIABLE = YES;
				IPHONEOS_DEPLOYMENT_TARGET = 17.4;
				LOCALIZATION_PREFERS_STRING_CATALOGS = YES;
				MTL_ENABLE_DEBUG_INFO = NO;
				MTL_FAST_MATH = YES;
				SDKROOT = iphoneos;
				SWIFT_COMPILATION_MODE = wholemodule;
				VALIDATE_PRODUCT = YES;
			};
			name = Release;
		};
		3ABA10762BCE908000067030 /* Debug */ = {
			isa = XCBuildConfiguration;
			buildSettings = {
				ASSETCATALOG_COMPILER_APPICON_NAME = AppIcon;
				ASSETCATALOG_COMPILER_GLOBAL_ACCENT_COLOR_NAME = AccentColor;
				CODE_SIGN_STYLE = Automatic;
				CURRENT_PROJECT_VERSION = 1;
				DEVELOPMENT_TEAM = "";
				GENERATE_INFOPLIST_FILE = YES;
				INFOPLIST_FILE = Tracker/Info.plist;
				INFOPLIST_KEY_UIApplicationSupportsIndirectInputEvents = YES;
				INFOPLIST_KEY_UILaunchStoryboardName = LaunchScreen;
				INFOPLIST_KEY_UIStatusBarStyle = "";
				INFOPLIST_KEY_UISupportedInterfaceOrientations = UIInterfaceOrientationPortrait;
				IPHONEOS_DEPLOYMENT_TARGET = 13.4;
				LD_RUNPATH_SEARCH_PATHS = (
					"$(inherited)",
					"@executable_path/Frameworks",
				);
				MARKETING_VERSION = 1.0;
				PRODUCT_BUNDLE_IDENTIFIER = my.Tracker;
				PRODUCT_NAME = "$(TARGET_NAME)";
				SWIFT_EMIT_LOC_STRINGS = YES;
				SWIFT_VERSION = 5.0;
				TARGETED_DEVICE_FAMILY = "1,2";
			};
			name = Debug;
		};
		3ABA10772BCE908000067030 /* Release */ = {
			isa = XCBuildConfiguration;
			buildSettings = {
				ASSETCATALOG_COMPILER_APPICON_NAME = AppIcon;
				ASSETCATALOG_COMPILER_GLOBAL_ACCENT_COLOR_NAME = AccentColor;
				CODE_SIGN_STYLE = Automatic;
				CURRENT_PROJECT_VERSION = 1;
				DEVELOPMENT_TEAM = "";
				GENERATE_INFOPLIST_FILE = YES;
				INFOPLIST_FILE = Tracker/Info.plist;
				INFOPLIST_KEY_UIApplicationSupportsIndirectInputEvents = YES;
				INFOPLIST_KEY_UILaunchStoryboardName = LaunchScreen;
				INFOPLIST_KEY_UIStatusBarStyle = "";
				INFOPLIST_KEY_UISupportedInterfaceOrientations = UIInterfaceOrientationPortrait;
				IPHONEOS_DEPLOYMENT_TARGET = 13.4;
				LD_RUNPATH_SEARCH_PATHS = (
					"$(inherited)",
					"@executable_path/Frameworks",
				);
				MARKETING_VERSION = 1.0;
				PRODUCT_BUNDLE_IDENTIFIER = my.Tracker;
				PRODUCT_NAME = "$(TARGET_NAME)";
				SWIFT_EMIT_LOC_STRINGS = YES;
				SWIFT_VERSION = 5.0;
				TARGETED_DEVICE_FAMILY = "1,2";
			};
			name = Release;
		};
		3ABA10792BCE908000067030 /* Debug */ = {
			isa = XCBuildConfiguration;
			buildSettings = {
				ALWAYS_EMBED_SWIFT_STANDARD_LIBRARIES = YES;
				BUNDLE_LOADER = "$(TEST_HOST)";
				CODE_SIGN_STYLE = Automatic;
				CURRENT_PROJECT_VERSION = 1;
				GENERATE_INFOPLIST_FILE = YES;
				IPHONEOS_DEPLOYMENT_TARGET = 17.4;
				MARKETING_VERSION = 1.0;
				PRODUCT_BUNDLE_IDENTIFIER = my.TrackerTests;
				PRODUCT_NAME = "$(TARGET_NAME)";
				SWIFT_EMIT_LOC_STRINGS = NO;
				SWIFT_VERSION = 5.0;
				TARGETED_DEVICE_FAMILY = "1,2";
				TEST_HOST = "$(BUILT_PRODUCTS_DIR)/Tracker.app/$(BUNDLE_EXECUTABLE_FOLDER_PATH)/Tracker";
			};
			name = Debug;
		};
		3ABA107A2BCE908000067030 /* Release */ = {
			isa = XCBuildConfiguration;
			buildSettings = {
				ALWAYS_EMBED_SWIFT_STANDARD_LIBRARIES = YES;
				BUNDLE_LOADER = "$(TEST_HOST)";
				CODE_SIGN_STYLE = Automatic;
				CURRENT_PROJECT_VERSION = 1;
				GENERATE_INFOPLIST_FILE = YES;
				IPHONEOS_DEPLOYMENT_TARGET = 17.4;
				MARKETING_VERSION = 1.0;
				PRODUCT_BUNDLE_IDENTIFIER = my.TrackerTests;
				PRODUCT_NAME = "$(TARGET_NAME)";
				SWIFT_EMIT_LOC_STRINGS = NO;
				SWIFT_VERSION = 5.0;
				TARGETED_DEVICE_FAMILY = "1,2";
				TEST_HOST = "$(BUILT_PRODUCTS_DIR)/Tracker.app/$(BUNDLE_EXECUTABLE_FOLDER_PATH)/Tracker";
			};
			name = Release;
		};
		3ABA107C2BCE908000067030 /* Debug */ = {
			isa = XCBuildConfiguration;
			buildSettings = {
				ALWAYS_EMBED_SWIFT_STANDARD_LIBRARIES = YES;
				CODE_SIGN_STYLE = Automatic;
				CURRENT_PROJECT_VERSION = 1;
				GENERATE_INFOPLIST_FILE = YES;
				MARKETING_VERSION = 1.0;
				PRODUCT_BUNDLE_IDENTIFIER = my.TrackerUITests;
				PRODUCT_NAME = "$(TARGET_NAME)";
				SWIFT_EMIT_LOC_STRINGS = NO;
				SWIFT_VERSION = 5.0;
				TARGETED_DEVICE_FAMILY = "1,2";
				TEST_TARGET_NAME = Tracker;
			};
			name = Debug;
		};
		3ABA107D2BCE908000067030 /* Release */ = {
			isa = XCBuildConfiguration;
			buildSettings = {
				ALWAYS_EMBED_SWIFT_STANDARD_LIBRARIES = YES;
				CODE_SIGN_STYLE = Automatic;
				CURRENT_PROJECT_VERSION = 1;
				GENERATE_INFOPLIST_FILE = YES;
				MARKETING_VERSION = 1.0;
				PRODUCT_BUNDLE_IDENTIFIER = my.TrackerUITests;
				PRODUCT_NAME = "$(TARGET_NAME)";
				SWIFT_EMIT_LOC_STRINGS = NO;
				SWIFT_VERSION = 5.0;
				TARGETED_DEVICE_FAMILY = "1,2";
				TEST_TARGET_NAME = Tracker;
			};
			name = Release;
		};
/* End XCBuildConfiguration section */

/* Begin XCConfigurationList section */
		3ABA10432BCE907F00067030 /* Build configuration list for PBXProject "Tracker" */ = {
			isa = XCConfigurationList;
			buildConfigurations = (
				3ABA10732BCE908000067030 /* Debug */,
				3ABA10742BCE908000067030 /* Release */,
			);
			defaultConfigurationIsVisible = 0;
			defaultConfigurationName = Release;
		};
		3ABA10752BCE908000067030 /* Build configuration list for PBXNativeTarget "Tracker" */ = {
			isa = XCConfigurationList;
			buildConfigurations = (
				3ABA10762BCE908000067030 /* Debug */,
				3ABA10772BCE908000067030 /* Release */,
			);
			defaultConfigurationIsVisible = 0;
			defaultConfigurationName = Release;
		};
		3ABA10782BCE908000067030 /* Build configuration list for PBXNativeTarget "TrackerTests" */ = {
			isa = XCConfigurationList;
			buildConfigurations = (
				3ABA10792BCE908000067030 /* Debug */,
				3ABA107A2BCE908000067030 /* Release */,
			);
			defaultConfigurationIsVisible = 0;
			defaultConfigurationName = Release;
		};
		3ABA107B2BCE908000067030 /* Build configuration list for PBXNativeTarget "TrackerUITests" */ = {
			isa = XCConfigurationList;
			buildConfigurations = (
				3ABA107C2BCE908000067030 /* Debug */,
				3ABA107D2BCE908000067030 /* Release */,
			);
			defaultConfigurationIsVisible = 0;
			defaultConfigurationName = Release;
		};
/* End XCConfigurationList section */

/* Begin XCVersionGroup section */
		3ABA10542BCE907F00067030 /* Tracker.xcdatamodeld */ = {
			isa = XCVersionGroup;
			children = (
				3ABA10552BCE907F00067030 /* Tracker.xcdatamodel */,
			);
			currentVersion = 3ABA10552BCE907F00067030 /* Tracker.xcdatamodel */;
			path = Tracker.xcdatamodeld;
			sourceTree = "<group>";
			versionGroupType = wrapper.xcdatamodel;
		};
/* End XCVersionGroup section */
	};
	rootObject = 3ABA10402BCE907F00067030 /* Project object */;
}
